
Microsoft Visual Studio Solution File, Format Version 12.00
# Visual Studio 14
VisualStudioVersion = 14.0.25420.1
MinimumVisualStudioVersion = 10.0.40219.1
Project("{FAE04EC0-301F-11D3-BF4B-00C04F79EFBC}") = "GDS.Web", "GDS.Web\GDS.Web.csproj", "{E1725A59-794D-4F46-B59F-AFEF4F22DF21}"
EndProject
Project("{FAE04EC0-301F-11D3-BF4B-00C04F79EFBC}") = "GDS.Entities", "GDS.Entities\GDS.Entities.csproj", "{DEA444E3-7C0B-4AAE-9A65-4098ECC4380C}"
EndProject
Project("{FAE04EC0-301F-11D3-BF4B-00C04F79EFBC}") = "GDS.Common", "GDS.Common\GDS.Common.csproj", "{BC8E56B9-65A1-4852-AB3B-B298771C7EB5}"
EndProject
Project("{FAE04EC0-301F-11D3-BF4B-00C04F79EFBC}") = "GDS.Data", "GDS.Data\GDS.Data.csproj", "{73FB0298-D435-4960-A05B-458982071FF8}"
EndProject
Project("{FAE04EC0-301F-11D3-BF4B-00C04F79EFBC}") = "GDS.Services", "GDS.Services\GDS.Services.csproj", "{7FB5C690-FCAB-49A7-9EF9-0AE42E282954}"
EndProject
Project("{FAE04EC0-301F-11D3-BF4B-00C04F79EFBC}") = "GDS.API", "GDS.API\GDS.API.csproj", "{0E8B1ABE-FBA2-442D-B748-137581A81866}"
EndProject

Global
	GlobalSection(SubversionScc) = preSolution
		Svn-Managed = True
		Manager = AnkhSVN - Subversion Support for Visual Studio
	EndGlobalSection
	GlobalSection(SolutionConfigurationPlatforms) = preSolution
		Automation|Any CPU = Automation|Any CPU
		Automation|x64 = Automation|x64
		Automation|x86 = Automation|x86
		Debug|Any CPU = Debug|Any CPU
		Debug|x64 = Debug|x64
		Debug|x86 = Debug|x86
		Demo|Any CPU = Demo|Any CPU
		Demo|x64 = Demo|x64
		Demo|x86 = Demo|x86
		QA|Any CPU = QA|Any CPU
		QA|x64 = QA|x64
		QA|x86 = QA|x86
		Release|Any CPU = Release|Any CPU
		Release|x64 = Release|x64
		Release|x86 = Release|x86
		staging|Any CPU = staging|Any CPU
		staging|x64 = staging|x64
		staging|x86 = staging|x86
		Test|Any CPU = Test|Any CPU
		Test|x64 = Test|x64
		Test|x86 = Test|x86
		WebAutomation|Any CPU = WebAutomation|Any CPU
		WebAutomation|x64 = WebAutomation|x64
		WebAutomation|x86 = WebAutomation|x86
	EndGlobalSection
	GlobalSection(ProjectConfigurationPlatforms) = postSolution
		{E1725A59-794D-4F46-B59F-AFEF4F22DF21}.Automation|Any CPU.ActiveCfg = Release|Any CPU
		{E1725A59-794D-4F46-B59F-AFEF4F22DF21}.Automation|Any CPU.Build.0 = Release|Any CPU
		{E1725A59-794D-4F46-B59F-AFEF4F22DF21}.Automation|x64.ActiveCfg = Debug|Any CPU
		{E1725A59-794D-4F46-B59F-AFEF4F22DF21}.Automation|x64.Build.0 = Debug|Any CPU
		{E1725A59-794D-4F46-B59F-AFEF4F22DF21}.Automation|x86.ActiveCfg = Debug|Any CPU
		{E1725A59-794D-4F46-B59F-AFEF4F22DF21}.Automation|x86.Build.0 = Debug|Any CPU
		{E1725A59-794D-4F46-B59F-AFEF4F22DF21}.Debug|Any CPU.ActiveCfg = Debug|Any CPU
		{E1725A59-794D-4F46-B59F-AFEF4F22DF21}.Debug|Any CPU.Build.0 = Debug|Any CPU
		{E1725A59-794D-4F46-B59F-AFEF4F22DF21}.Debug|x64.ActiveCfg = Debug|Any CPU
		{E1725A59-794D-4F46-B59F-AFEF4F22DF21}.Debug|x64.Build.0 = Debug|Any CPU
		{E1725A59-794D-4F46-B59F-AFEF4F22DF21}.Debug|x86.ActiveCfg = Debug|Any CPU
		{E1725A59-794D-4F46-B59F-AFEF4F22DF21}.Debug|x86.Build.0 = Debug|Any CPU
		{E1725A59-794D-4F46-B59F-AFEF4F22DF21}.Demo|Any CPU.ActiveCfg = Debug|Any CPU
		{E1725A59-794D-4F46-B59F-AFEF4F22DF21}.Demo|Any CPU.Build.0 = Debug|Any CPU
		{E1725A59-794D-4F46-B59F-AFEF4F22DF21}.Demo|x64.ActiveCfg = Debug|Any CPU
		{E1725A59-794D-4F46-B59F-AFEF4F22DF21}.Demo|x64.Build.0 = Debug|Any CPU
		{E1725A59-794D-4F46-B59F-AFEF4F22DF21}.Demo|x86.ActiveCfg = Debug|Any CPU
		{E1725A59-794D-4F46-B59F-AFEF4F22DF21}.Demo|x86.Build.0 = Debug|Any CPU
		{E1725A59-794D-4F46-B59F-AFEF4F22DF21}.QA|Any CPU.ActiveCfg = Release|Any CPU
		{E1725A59-794D-4F46-B59F-AFEF4F22DF21}.QA|Any CPU.Build.0 = Release|Any CPU
		{E1725A59-794D-4F46-B59F-AFEF4F22DF21}.QA|x64.ActiveCfg = Debug|Any CPU
		{E1725A59-794D-4F46-B59F-AFEF4F22DF21}.QA|x64.Build.0 = Debug|Any CPU
		{E1725A59-794D-4F46-B59F-AFEF4F22DF21}.QA|x86.ActiveCfg = Debug|Any CPU
		{E1725A59-794D-4F46-B59F-AFEF4F22DF21}.QA|x86.Build.0 = Debug|Any CPU
		{E1725A59-794D-4F46-B59F-AFEF4F22DF21}.Release|Any CPU.ActiveCfg = Release|Any CPU
		{E1725A59-794D-4F46-B59F-AFEF4F22DF21}.Release|Any CPU.Build.0 = Release|Any CPU
		{E1725A59-794D-4F46-B59F-AFEF4F22DF21}.Release|x64.ActiveCfg = Release|Any CPU
		{E1725A59-794D-4F46-B59F-AFEF4F22DF21}.Release|x64.Build.0 = Release|Any CPU
		{E1725A59-794D-4F46-B59F-AFEF4F22DF21}.Release|x86.ActiveCfg = Release|Any CPU
		{E1725A59-794D-4F46-B59F-AFEF4F22DF21}.Release|x86.Build.0 = Release|Any CPU
		{E1725A59-794D-4F46-B59F-AFEF4F22DF21}.staging|Any CPU.ActiveCfg = Release|Any CPU
		{E1725A59-794D-4F46-B59F-AFEF4F22DF21}.staging|Any CPU.Build.0 = Release|Any CPU
		{E1725A59-794D-4F46-B59F-AFEF4F22DF21}.staging|x64.ActiveCfg = Debug|Any CPU
		{E1725A59-794D-4F46-B59F-AFEF4F22DF21}.staging|x64.Build.0 = Debug|Any CPU
		{E1725A59-794D-4F46-B59F-AFEF4F22DF21}.staging|x86.ActiveCfg = Debug|Any CPU
		{E1725A59-794D-4F46-B59F-AFEF4F22DF21}.staging|x86.Build.0 = Debug|Any CPU
		{E1725A59-794D-4F46-B59F-AFEF4F22DF21}.Test|Any CPU.ActiveCfg = Release|Any CPU
		{E1725A59-794D-4F46-B59F-AFEF4F22DF21}.Test|Any CPU.Build.0 = Release|Any CPU
		{E1725A59-794D-4F46-B59F-AFEF4F22DF21}.Test|x64.ActiveCfg = Debug|Any CPU
		{E1725A59-794D-4F46-B59F-AFEF4F22DF21}.Test|x64.Build.0 = Debug|Any CPU
		{E1725A59-794D-4F46-B59F-AFEF4F22DF21}.Test|x86.ActiveCfg = Debug|Any CPU
		{E1725A59-794D-4F46-B59F-AFEF4F22DF21}.Test|x86.Build.0 = Debug|Any CPU
		{E1725A59-794D-4F46-B59F-AFEF4F22DF21}.WebAutomation|Any CPU.ActiveCfg = Release|Any CPU
		{E1725A59-794D-4F46-B59F-AFEF4F22DF21}.WebAutomation|Any CPU.Build.0 = Release|Any CPU
		{E1725A59-794D-4F46-B59F-AFEF4F22DF21}.WebAutomation|x64.ActiveCfg = Debug|Any CPU
		{E1725A59-794D-4F46-B59F-AFEF4F22DF21}.WebAutomation|x64.Build.0 = Debug|Any CPU
		{E1725A59-794D-4F46-B59F-AFEF4F22DF21}.WebAutomation|x86.ActiveCfg = Debug|Any CPU
		{E1725A59-794D-4F46-B59F-AFEF4F22DF21}.WebAutomation|x86.Build.0 = Debug|Any CPU
		{DEA444E3-7C0B-4AAE-9A65-4098ECC4380C}.Automation|Any CPU.ActiveCfg = Release|Any CPU
		{DEA444E3-7C0B-4AAE-9A65-4098ECC4380C}.Automation|Any CPU.Build.0 = Release|Any CPU
		{DEA444E3-7C0B-4AAE-9A65-4098ECC4380C}.Automation|x64.ActiveCfg = Debug|Any CPU
		{DEA444E3-7C0B-4AAE-9A65-4098ECC4380C}.Automation|x64.Build.0 = Debug|Any CPU
		{DEA444E3-7C0B-4AAE-9A65-4098ECC4380C}.Automation|x86.ActiveCfg = Debug|Any CPU
		{DEA444E3-7C0B-4AAE-9A65-4098ECC4380C}.Automation|x86.Build.0 = Debug|Any CPU
		{DEA444E3-7C0B-4AAE-9A65-4098ECC4380C}.Debug|Any CPU.ActiveCfg = Debug|Any CPU
		{DEA444E3-7C0B-4AAE-9A65-4098ECC4380C}.Debug|Any CPU.Build.0 = Debug|Any CPU
		{DEA444E3-7C0B-4AAE-9A65-4098ECC4380C}.Debug|x64.ActiveCfg = Debug|Any CPU
		{DEA444E3-7C0B-4AAE-9A65-4098ECC4380C}.Debug|x64.Build.0 = Debug|Any CPU
		{DEA444E3-7C0B-4AAE-9A65-4098ECC4380C}.Debug|x86.ActiveCfg = Debug|Any CPU
		{DEA444E3-7C0B-4AAE-9A65-4098ECC4380C}.Debug|x86.Build.0 = Debug|Any CPU
		{DEA444E3-7C0B-4AAE-9A65-4098ECC4380C}.Demo|Any CPU.ActiveCfg = Debug|Any CPU
		{DEA444E3-7C0B-4AAE-9A65-4098ECC4380C}.Demo|Any CPU.Build.0 = Debug|Any CPU
		{DEA444E3-7C0B-4AAE-9A65-4098ECC4380C}.Demo|x64.ActiveCfg = Debug|Any CPU
		{DEA444E3-7C0B-4AAE-9A65-4098ECC4380C}.Demo|x64.Build.0 = Debug|Any CPU
		{DEA444E3-7C0B-4AAE-9A65-4098ECC4380C}.Demo|x86.ActiveCfg = Debug|Any CPU
		{DEA444E3-7C0B-4AAE-9A65-4098ECC4380C}.Demo|x86.Build.0 = Debug|Any CPU
		{DEA444E3-7C0B-4AAE-9A65-4098ECC4380C}.QA|Any CPU.ActiveCfg = Release|Any CPU
		{DEA444E3-7C0B-4AAE-9A65-4098ECC4380C}.QA|Any CPU.Build.0 = Release|Any CPU
		{DEA444E3-7C0B-4AAE-9A65-4098ECC4380C}.QA|x64.ActiveCfg = Debug|Any CPU
		{DEA444E3-7C0B-4AAE-9A65-4098ECC4380C}.QA|x64.Build.0 = Debug|Any CPU
		{DEA444E3-7C0B-4AAE-9A65-4098ECC4380C}.QA|x86.ActiveCfg = Debug|Any CPU
		{DEA444E3-7C0B-4AAE-9A65-4098ECC4380C}.QA|x86.Build.0 = Debug|Any CPU
		{DEA444E3-7C0B-4AAE-9A65-4098ECC4380C}.Release|Any CPU.ActiveCfg = Release|Any CPU
		{DEA444E3-7C0B-4AAE-9A65-4098ECC4380C}.Release|Any CPU.Build.0 = Release|Any CPU
		{DEA444E3-7C0B-4AAE-9A65-4098ECC4380C}.Release|x64.ActiveCfg = Release|Any CPU
		{DEA444E3-7C0B-4AAE-9A65-4098ECC4380C}.Release|x64.Build.0 = Release|Any CPU
		{DEA444E3-7C0B-4AAE-9A65-4098ECC4380C}.Release|x86.ActiveCfg = Release|Any CPU
		{DEA444E3-7C0B-4AAE-9A65-4098ECC4380C}.Release|x86.Build.0 = Release|Any CPU
		{DEA444E3-7C0B-4AAE-9A65-4098ECC4380C}.staging|Any CPU.ActiveCfg = Release|Any CPU
		{DEA444E3-7C0B-4AAE-9A65-4098ECC4380C}.staging|Any CPU.Build.0 = Release|Any CPU
		{DEA444E3-7C0B-4AAE-9A65-4098ECC4380C}.staging|x64.ActiveCfg = Debug|Any CPU
		{DEA444E3-7C0B-4AAE-9A65-4098ECC4380C}.staging|x64.Build.0 = Debug|Any CPU
		{DEA444E3-7C0B-4AAE-9A65-4098ECC4380C}.staging|x86.ActiveCfg = Debug|Any CPU
		{DEA444E3-7C0B-4AAE-9A65-4098ECC4380C}.staging|x86.Build.0 = Debug|Any CPU
		{DEA444E3-7C0B-4AAE-9A65-4098ECC4380C}.Test|Any CPU.ActiveCfg = Release|Any CPU
		{DEA444E3-7C0B-4AAE-9A65-4098ECC4380C}.Test|Any CPU.Build.0 = Release|Any CPU
		{DEA444E3-7C0B-4AAE-9A65-4098ECC4380C}.Test|x64.ActiveCfg = Debug|Any CPU
		{DEA444E3-7C0B-4AAE-9A65-4098ECC4380C}.Test|x64.Build.0 = Debug|Any CPU
		{DEA444E3-7C0B-4AAE-9A65-4098ECC4380C}.Test|x86.ActiveCfg = Debug|Any CPU
		{DEA444E3-7C0B-4AAE-9A65-4098ECC4380C}.Test|x86.Build.0 = Debug|Any CPU
		{DEA444E3-7C0B-4AAE-9A65-4098ECC4380C}.WebAutomation|Any CPU.ActiveCfg = Release|Any CPU
		{DEA444E3-7C0B-4AAE-9A65-4098ECC4380C}.WebAutomation|Any CPU.Build.0 = Release|Any CPU
		{DEA444E3-7C0B-4AAE-9A65-4098ECC4380C}.WebAutomation|x64.ActiveCfg = Debug|Any CPU
		{DEA444E3-7C0B-4AAE-9A65-4098ECC4380C}.WebAutomation|x64.Build.0 = Debug|Any CPU
		{DEA444E3-7C0B-4AAE-9A65-4098ECC4380C}.WebAutomation|x86.ActiveCfg = Debug|Any CPU
		{DEA444E3-7C0B-4AAE-9A65-4098ECC4380C}.WebAutomation|x86.Build.0 = Debug|Any CPU
		{BC8E56B9-65A1-4852-AB3B-B298771C7EB5}.Automation|Any CPU.ActiveCfg = Release|Any CPU
		{BC8E56B9-65A1-4852-AB3B-B298771C7EB5}.Automation|Any CPU.Build.0 = Release|Any CPU
		{BC8E56B9-65A1-4852-AB3B-B298771C7EB5}.Automation|x64.ActiveCfg = Debug|Any CPU
		{BC8E56B9-65A1-4852-AB3B-B298771C7EB5}.Automation|x64.Build.0 = Debug|Any CPU
		{BC8E56B9-65A1-4852-AB3B-B298771C7EB5}.Automation|x86.ActiveCfg = Debug|Any CPU
		{BC8E56B9-65A1-4852-AB3B-B298771C7EB5}.Automation|x86.Build.0 = Debug|Any CPU
		{BC8E56B9-65A1-4852-AB3B-B298771C7EB5}.Debug|Any CPU.ActiveCfg = Debug|Any CPU
		{BC8E56B9-65A1-4852-AB3B-B298771C7EB5}.Debug|Any CPU.Build.0 = Debug|Any CPU
		{BC8E56B9-65A1-4852-AB3B-B298771C7EB5}.Debug|x64.ActiveCfg = Debug|Any CPU
		{BC8E56B9-65A1-4852-AB3B-B298771C7EB5}.Debug|x64.Build.0 = Debug|Any CPU
		{BC8E56B9-65A1-4852-AB3B-B298771C7EB5}.Debug|x86.ActiveCfg = Debug|Any CPU
		{BC8E56B9-65A1-4852-AB3B-B298771C7EB5}.Debug|x86.Build.0 = Debug|Any CPU
		{BC8E56B9-65A1-4852-AB3B-B298771C7EB5}.Demo|Any CPU.ActiveCfg = Debug|Any CPU
		{BC8E56B9-65A1-4852-AB3B-B298771C7EB5}.Demo|Any CPU.Build.0 = Debug|Any CPU
		{BC8E56B9-65A1-4852-AB3B-B298771C7EB5}.Demo|x64.ActiveCfg = Debug|Any CPU
		{BC8E56B9-65A1-4852-AB3B-B298771C7EB5}.Demo|x64.Build.0 = Debug|Any CPU
		{BC8E56B9-65A1-4852-AB3B-B298771C7EB5}.Demo|x86.ActiveCfg = Debug|Any CPU
		{BC8E56B9-65A1-4852-AB3B-B298771C7EB5}.Demo|x86.Build.0 = Debug|Any CPU
		{BC8E56B9-65A1-4852-AB3B-B298771C7EB5}.QA|Any CPU.ActiveCfg = Release|Any CPU
		{BC8E56B9-65A1-4852-AB3B-B298771C7EB5}.QA|Any CPU.Build.0 = Release|Any CPU
		{BC8E56B9-65A1-4852-AB3B-B298771C7EB5}.QA|x64.ActiveCfg = Debug|Any CPU
		{BC8E56B9-65A1-4852-AB3B-B298771C7EB5}.QA|x64.Build.0 = Debug|Any CPU
		{BC8E56B9-65A1-4852-AB3B-B298771C7EB5}.QA|x86.ActiveCfg = Debug|Any CPU
		{BC8E56B9-65A1-4852-AB3B-B298771C7EB5}.QA|x86.Build.0 = Debug|Any CPU
		{BC8E56B9-65A1-4852-AB3B-B298771C7EB5}.Release|Any CPU.ActiveCfg = Release|Any CPU
		{BC8E56B9-65A1-4852-AB3B-B298771C7EB5}.Release|Any CPU.Build.0 = Release|Any CPU
		{BC8E56B9-65A1-4852-AB3B-B298771C7EB5}.Release|x64.ActiveCfg = Release|Any CPU
		{BC8E56B9-65A1-4852-AB3B-B298771C7EB5}.Release|x64.Build.0 = Release|Any CPU
		{BC8E56B9-65A1-4852-AB3B-B298771C7EB5}.Release|x86.ActiveCfg = Release|Any CPU
		{BC8E56B9-65A1-4852-AB3B-B298771C7EB5}.Release|x86.Build.0 = Release|Any CPU
		{BC8E56B9-65A1-4852-AB3B-B298771C7EB5}.staging|Any CPU.ActiveCfg = Release|Any CPU
		{BC8E56B9-65A1-4852-AB3B-B298771C7EB5}.staging|Any CPU.Build.0 = Release|Any CPU
		{BC8E56B9-65A1-4852-AB3B-B298771C7EB5}.staging|x64.ActiveCfg = Debug|Any CPU
		{BC8E56B9-65A1-4852-AB3B-B298771C7EB5}.staging|x64.Build.0 = Debug|Any CPU
		{BC8E56B9-65A1-4852-AB3B-B298771C7EB5}.staging|x86.ActiveCfg = Debug|Any CPU
		{BC8E56B9-65A1-4852-AB3B-B298771C7EB5}.staging|x86.Build.0 = Debug|Any CPU
		{BC8E56B9-65A1-4852-AB3B-B298771C7EB5}.Test|Any CPU.ActiveCfg = Release|Any CPU
		{BC8E56B9-65A1-4852-AB3B-B298771C7EB5}.Test|Any CPU.Build.0 = Release|Any CPU
		{BC8E56B9-65A1-4852-AB3B-B298771C7EB5}.Test|x64.ActiveCfg = Debug|Any CPU
		{BC8E56B9-65A1-4852-AB3B-B298771C7EB5}.Test|x64.Build.0 = Debug|Any CPU
		{BC8E56B9-65A1-4852-AB3B-B298771C7EB5}.Test|x86.ActiveCfg = Debug|Any CPU
		{BC8E56B9-65A1-4852-AB3B-B298771C7EB5}.Test|x86.Build.0 = Debug|Any CPU
		{BC8E56B9-65A1-4852-AB3B-B298771C7EB5}.WebAutomation|Any CPU.ActiveCfg = Release|Any CPU
		{BC8E56B9-65A1-4852-AB3B-B298771C7EB5}.WebAutomation|Any CPU.Build.0 = Release|Any CPU
		{BC8E56B9-65A1-4852-AB3B-B298771C7EB5}.WebAutomation|x64.ActiveCfg = Debug|Any CPU
		{BC8E56B9-65A1-4852-AB3B-B298771C7EB5}.WebAutomation|x64.Build.0 = Debug|Any CPU
		{BC8E56B9-65A1-4852-AB3B-B298771C7EB5}.WebAutomation|x86.ActiveCfg = Debug|Any CPU
		{BC8E56B9-65A1-4852-AB3B-B298771C7EB5}.WebAutomation|x86.Build.0 = Debug|Any CPU
		{73FB0298-D435-4960-A05B-458982071FF8}.Automation|Any CPU.ActiveCfg = Automation|Any CPU
		{73FB0298-D435-4960-A05B-458982071FF8}.Automation|Any CPU.Build.0 = Automation|Any CPU
		{73FB0298-D435-4960-A05B-458982071FF8}.Automation|x64.ActiveCfg = Automation|Any CPU
		{73FB0298-D435-4960-A05B-458982071FF8}.Automation|x64.Build.0 = Automation|Any CPU
		{73FB0298-D435-4960-A05B-458982071FF8}.Automation|x86.ActiveCfg = Automation|Any CPU
		{73FB0298-D435-4960-A05B-458982071FF8}.Automation|x86.Build.0 = Automation|Any CPU
		{73FB0298-D435-4960-A05B-458982071FF8}.Debug|Any CPU.ActiveCfg = Debug|Any CPU
		{73FB0298-D435-4960-A05B-458982071FF8}.Debug|Any CPU.Build.0 = Debug|Any CPU
		{73FB0298-D435-4960-A05B-458982071FF8}.Debug|x64.ActiveCfg = Debug|Any CPU
		{73FB0298-D435-4960-A05B-458982071FF8}.Debug|x64.Build.0 = Debug|Any CPU
		{73FB0298-D435-4960-A05B-458982071FF8}.Debug|x86.ActiveCfg = Debug|Any CPU
		{73FB0298-D435-4960-A05B-458982071FF8}.Debug|x86.Build.0 = Debug|Any CPU
		{73FB0298-D435-4960-A05B-458982071FF8}.Demo|Any CPU.ActiveCfg = Demo|Any CPU
		{73FB0298-D435-4960-A05B-458982071FF8}.Demo|Any CPU.Build.0 = Demo|Any CPU
		{73FB0298-D435-4960-A05B-458982071FF8}.Demo|x64.ActiveCfg = Demo|Any CPU
		{73FB0298-D435-4960-A05B-458982071FF8}.Demo|x64.Build.0 = Demo|Any CPU
		{73FB0298-D435-4960-A05B-458982071FF8}.Demo|x86.ActiveCfg = Demo|Any CPU
		{73FB0298-D435-4960-A05B-458982071FF8}.Demo|x86.Build.0 = Demo|Any CPU
		{73FB0298-D435-4960-A05B-458982071FF8}.QA|Any CPU.ActiveCfg = QA|Any CPU
		{73FB0298-D435-4960-A05B-458982071FF8}.QA|Any CPU.Build.0 = QA|Any CPU
		{73FB0298-D435-4960-A05B-458982071FF8}.QA|x64.ActiveCfg = QA|Any CPU
		{73FB0298-D435-4960-A05B-458982071FF8}.QA|x64.Build.0 = QA|Any CPU
		{73FB0298-D435-4960-A05B-458982071FF8}.QA|x86.ActiveCfg = QA|Any CPU
		{73FB0298-D435-4960-A05B-458982071FF8}.QA|x86.Build.0 = QA|Any CPU
		{73FB0298-D435-4960-A05B-458982071FF8}.Release|Any CPU.ActiveCfg = Release|Any CPU
		{73FB0298-D435-4960-A05B-458982071FF8}.Release|Any CPU.Build.0 = Release|Any CPU
		{73FB0298-D435-4960-A05B-458982071FF8}.Release|x64.ActiveCfg = Release|Any CPU
		{73FB0298-D435-4960-A05B-458982071FF8}.Release|x64.Build.0 = Release|Any CPU
		{73FB0298-D435-4960-A05B-458982071FF8}.Release|x86.ActiveCfg = Release|Any CPU
		{73FB0298-D435-4960-A05B-458982071FF8}.Release|x86.Build.0 = Release|Any CPU
		{73FB0298-D435-4960-A05B-458982071FF8}.staging|Any CPU.ActiveCfg = staging|Any CPU
		{73FB0298-D435-4960-A05B-458982071FF8}.staging|Any CPU.Build.0 = staging|Any CPU
		{73FB0298-D435-4960-A05B-458982071FF8}.staging|x64.ActiveCfg = staging|Any CPU
		{73FB0298-D435-4960-A05B-458982071FF8}.staging|x64.Build.0 = staging|Any CPU
		{73FB0298-D435-4960-A05B-458982071FF8}.staging|x86.ActiveCfg = staging|Any CPU
		{73FB0298-D435-4960-A05B-458982071FF8}.staging|x86.Build.0 = staging|Any CPU
		{73FB0298-D435-4960-A05B-458982071FF8}.Test|Any CPU.ActiveCfg = Test|Any CPU
		{73FB0298-D435-4960-A05B-458982071FF8}.Test|Any CPU.Build.0 = Test|Any CPU
		{73FB0298-D435-4960-A05B-458982071FF8}.Test|x64.ActiveCfg = Test|Any CPU
		{73FB0298-D435-4960-A05B-458982071FF8}.Test|x64.Build.0 = Test|Any CPU
		{73FB0298-D435-4960-A05B-458982071FF8}.Test|x86.ActiveCfg = Test|Any CPU
		{73FB0298-D435-4960-A05B-458982071FF8}.Test|x86.Build.0 = Test|Any CPU
		{73FB0298-D435-4960-A05B-458982071FF8}.WebAutomation|Any CPU.ActiveCfg = WebAutomation|Any CPU
		{73FB0298-D435-4960-A05B-458982071FF8}.WebAutomation|Any CPU.Build.0 = WebAutomation|Any CPU
		{73FB0298-D435-4960-A05B-458982071FF8}.WebAutomation|x64.ActiveCfg = WebAutomation|Any CPU
		{73FB0298-D435-4960-A05B-458982071FF8}.WebAutomation|x64.Build.0 = WebAutomation|Any CPU
		{73FB0298-D435-4960-A05B-458982071FF8}.WebAutomation|x86.ActiveCfg = WebAutomation|Any CPU
		{73FB0298-D435-4960-A05B-458982071FF8}.WebAutomation|x86.Build.0 = WebAutomation|Any CPU
		{7FB5C690-FCAB-49A7-9EF9-0AE42E282954}.Automation|Any CPU.ActiveCfg = Release|Any CPU
		{7FB5C690-FCAB-49A7-9EF9-0AE42E282954}.Automation|Any CPU.Build.0 = Release|Any CPU
		{7FB5C690-FCAB-49A7-9EF9-0AE42E282954}.Automation|x64.ActiveCfg = Debug|Any CPU
		{7FB5C690-FCAB-49A7-9EF9-0AE42E282954}.Automation|x64.Build.0 = Debug|Any CPU
		{7FB5C690-FCAB-49A7-9EF9-0AE42E282954}.Automation|x86.ActiveCfg = Debug|Any CPU
		{7FB5C690-FCAB-49A7-9EF9-0AE42E282954}.Automation|x86.Build.0 = Debug|Any CPU
		{7FB5C690-FCAB-49A7-9EF9-0AE42E282954}.Debug|Any CPU.ActiveCfg = Debug|Any CPU
		{7FB5C690-FCAB-49A7-9EF9-0AE42E282954}.Debug|Any CPU.Build.0 = Debug|Any CPU
		{7FB5C690-FCAB-49A7-9EF9-0AE42E282954}.Debug|x64.ActiveCfg = Debug|Any CPU
		{7FB5C690-FCAB-49A7-9EF9-0AE42E282954}.Debug|x64.Build.0 = Debug|Any CPU
		{7FB5C690-FCAB-49A7-9EF9-0AE42E282954}.Debug|x86.ActiveCfg = Debug|Any CPU
		{7FB5C690-FCAB-49A7-9EF9-0AE42E282954}.Debug|x86.Build.0 = Debug|Any CPU
		{7FB5C690-FCAB-49A7-9EF9-0AE42E282954}.Demo|Any CPU.ActiveCfg = Debug|Any CPU
		{7FB5C690-FCAB-49A7-9EF9-0AE42E282954}.Demo|Any CPU.Build.0 = Debug|Any CPU
		{7FB5C690-FCAB-49A7-9EF9-0AE42E282954}.Demo|x64.ActiveCfg = Debug|Any CPU
		{7FB5C690-FCAB-49A7-9EF9-0AE42E282954}.Demo|x64.Build.0 = Debug|Any CPU
		{7FB5C690-FCAB-49A7-9EF9-0AE42E282954}.Demo|x86.ActiveCfg = Debug|Any CPU
		{7FB5C690-FCAB-49A7-9EF9-0AE42E282954}.Demo|x86.Build.0 = Debug|Any CPU
		{7FB5C690-FCAB-49A7-9EF9-0AE42E282954}.QA|Any CPU.ActiveCfg = Release|Any CPU
		{7FB5C690-FCAB-49A7-9EF9-0AE42E282954}.QA|Any CPU.Build.0 = Release|Any CPU
		{7FB5C690-FCAB-49A7-9EF9-0AE42E282954}.QA|x64.ActiveCfg = Debug|Any CPU
		{7FB5C690-FCAB-49A7-9EF9-0AE42E282954}.QA|x64.Build.0 = Debug|Any CPU
		{7FB5C690-FCAB-49A7-9EF9-0AE42E282954}.QA|x86.ActiveCfg = Debug|Any CPU
		{7FB5C690-FCAB-49A7-9EF9-0AE42E282954}.QA|x86.Build.0 = Debug|Any CPU
		{7FB5C690-FCAB-49A7-9EF9-0AE42E282954}.Release|Any CPU.ActiveCfg = Release|Any CPU
		{7FB5C690-FCAB-49A7-9EF9-0AE42E282954}.Release|Any CPU.Build.0 = Release|Any CPU
		{7FB5C690-FCAB-49A7-9EF9-0AE42E282954}.Release|x64.ActiveCfg = Release|Any CPU
		{7FB5C690-FCAB-49A7-9EF9-0AE42E282954}.Release|x64.Build.0 = Release|Any CPU
		{7FB5C690-FCAB-49A7-9EF9-0AE42E282954}.Release|x86.ActiveCfg = Release|Any CPU
		{7FB5C690-FCAB-49A7-9EF9-0AE42E282954}.Release|x86.Build.0 = Release|Any CPU
		{7FB5C690-FCAB-49A7-9EF9-0AE42E282954}.staging|Any CPU.ActiveCfg = Release|Any CPU
		{7FB5C690-FCAB-49A7-9EF9-0AE42E282954}.staging|Any CPU.Build.0 = Release|Any CPU
		{7FB5C690-FCAB-49A7-9EF9-0AE42E282954}.staging|x64.ActiveCfg = Debug|Any CPU
		{7FB5C690-FCAB-49A7-9EF9-0AE42E282954}.staging|x64.Build.0 = Debug|Any CPU
		{7FB5C690-FCAB-49A7-9EF9-0AE42E282954}.staging|x86.ActiveCfg = Debug|Any CPU
		{7FB5C690-FCAB-49A7-9EF9-0AE42E282954}.staging|x86.Build.0 = Debug|Any CPU
		{7FB5C690-FCAB-49A7-9EF9-0AE42E282954}.Test|Any CPU.ActiveCfg = Release|Any CPU
		{7FB5C690-FCAB-49A7-9EF9-0AE42E282954}.Test|Any CPU.Build.0 = Release|Any CPU
		{7FB5C690-FCAB-49A7-9EF9-0AE42E282954}.Test|x64.ActiveCfg = Debug|Any CPU
		{7FB5C690-FCAB-49A7-9EF9-0AE42E282954}.Test|x64.Build.0 = Debug|Any CPU
		{7FB5C690-FCAB-49A7-9EF9-0AE42E282954}.Test|x86.ActiveCfg = Debug|Any CPU
		{7FB5C690-FCAB-49A7-9EF9-0AE42E282954}.Test|x86.Build.0 = Debug|Any CPU
		{7FB5C690-FCAB-49A7-9EF9-0AE42E282954}.WebAutomation|Any CPU.ActiveCfg = Release|Any CPU
		{7FB5C690-FCAB-49A7-9EF9-0AE42E282954}.WebAutomation|Any CPU.Build.0 = Release|Any CPU
		{7FB5C690-FCAB-49A7-9EF9-0AE42E282954}.WebAutomation|x64.ActiveCfg = Debug|Any CPU
		{7FB5C690-FCAB-49A7-9EF9-0AE42E282954}.WebAutomation|x64.Build.0 = Debug|Any CPU
		{7FB5C690-FCAB-49A7-9EF9-0AE42E282954}.WebAutomation|x86.ActiveCfg = Debug|Any CPU
		{7FB5C690-FCAB-49A7-9EF9-0AE42E282954}.WebAutomation|x86.Build.0 = Debug|Any CPU
		{0E8B1ABE-FBA2-442D-B748-137581A81866}.Automation|Any CPU.ActiveCfg = Release|Any CPU
		{0E8B1ABE-FBA2-442D-B748-137581A81866}.Automation|Any CPU.Build.0 = Release|Any CPU
		{0E8B1ABE-FBA2-442D-B748-137581A81866}.Automation|x64.ActiveCfg = Debug|Any CPU
		{0E8B1ABE-FBA2-442D-B748-137581A81866}.Automation|x64.Build.0 = Debug|Any CPU
		{0E8B1ABE-FBA2-442D-B748-137581A81866}.Automation|x86.ActiveCfg = Debug|Any CPU
		{0E8B1ABE-FBA2-442D-B748-137581A81866}.Automation|x86.Build.0 = Debug|Any CPU
		{0E8B1ABE-FBA2-442D-B748-137581A81866}.Debug|Any CPU.ActiveCfg = Debug|Any CPU
		{0E8B1ABE-FBA2-442D-B748-137581A81866}.Debug|Any CPU.Build.0 = Debug|Any CPU
		{0E8B1ABE-FBA2-442D-B748-137581A81866}.Debug|x64.ActiveCfg = Debug|Any CPU
		{0E8B1ABE-FBA2-442D-B748-137581A81866}.Debug|x64.Build.0 = Debug|Any CPU
		{0E8B1ABE-FBA2-442D-B748-137581A81866}.Debug|x86.ActiveCfg = Debug|Any CPU
		{0E8B1ABE-FBA2-442D-B748-137581A81866}.Debug|x86.Build.0 = Debug|Any CPU
		{0E8B1ABE-FBA2-442D-B748-137581A81866}.Demo|Any CPU.ActiveCfg = Debug|Any CPU
		{0E8B1ABE-FBA2-442D-B748-137581A81866}.Demo|Any CPU.Build.0 = Debug|Any CPU
		{0E8B1ABE-FBA2-442D-B748-137581A81866}.Demo|x64.ActiveCfg = Debug|Any CPU
		{0E8B1ABE-FBA2-442D-B748-137581A81866}.Demo|x64.Build.0 = Debug|Any CPU
		{0E8B1ABE-FBA2-442D-B748-137581A81866}.Demo|x86.ActiveCfg = Debug|Any CPU
		{0E8B1ABE-FBA2-442D-B748-137581A81866}.Demo|x86.Build.0 = Debug|Any CPU
		{0E8B1ABE-FBA2-442D-B748-137581A81866}.QA|Any CPU.ActiveCfg = Release|Any CPU
		{0E8B1ABE-FBA2-442D-B748-137581A81866}.QA|Any CPU.Build.0 = Release|Any CPU
		{0E8B1ABE-FBA2-442D-B748-137581A81866}.QA|x64.ActiveCfg = Debug|Any CPU
		{0E8B1ABE-FBA2-442D-B748-137581A81866}.QA|x64.Build.0 = Debug|Any CPU
		{0E8B1ABE-FBA2-442D-B748-137581A81866}.QA|x86.ActiveCfg = Debug|Any CPU
		{0E8B1ABE-FBA2-442D-B748-137581A81866}.QA|x86.Build.0 = Debug|Any CPU
		{0E8B1ABE-FBA2-442D-B748-137581A81866}.Release|Any CPU.ActiveCfg = Release|Any CPU
		{0E8B1ABE-FBA2-442D-B748-137581A81866}.Release|Any CPU.Build.0 = Release|Any CPU
		{0E8B1ABE-FBA2-442D-B748-137581A81866}.Release|x64.ActiveCfg = Release|Any CPU
		{0E8B1ABE-FBA2-442D-B748-137581A81866}.Release|x64.Build.0 = Release|Any CPU
		{0E8B1ABE-FBA2-442D-B748-137581A81866}.Release|x86.ActiveCfg = Release|Any CPU
		{0E8B1ABE-FBA2-442D-B748-137581A81866}.Release|x86.Build.0 = Release|Any CPU
		{0E8B1ABE-FBA2-442D-B748-137581A81866}.staging|Any CPU.ActiveCfg = Release|Any CPU
		{0E8B1ABE-FBA2-442D-B748-137581A81866}.staging|Any CPU.Build.0 = Release|Any CPU
		{0E8B1ABE-FBA2-442D-B748-137581A81866}.staging|x64.ActiveCfg = Debug|Any CPU
		{0E8B1ABE-FBA2-442D-B748-137581A81866}.staging|x64.Build.0 = Debug|Any CPU
		{0E8B1ABE-FBA2-442D-B748-137581A81866}.staging|x86.ActiveCfg = Debug|Any CPU
		{0E8B1ABE-FBA2-442D-B748-137581A81866}.staging|x86.Build.0 = Debug|Any CPU
		{0E8B1ABE-FBA2-442D-B748-137581A81866}.Test|Any CPU.ActiveCfg = Release|Any CPU
		{0E8B1ABE-FBA2-442D-B748-137581A81866}.Test|Any CPU.Build.0 = Release|Any CPU
		{0E8B1ABE-FBA2-442D-B748-137581A81866}.Test|x64.ActiveCfg = Debug|Any CPU
		{0E8B1ABE-FBA2-442D-B748-137581A81866}.Test|x64.Build.0 = Debug|Any CPU
		{0E8B1ABE-FBA2-442D-B748-137581A81866}.Test|x86.ActiveCfg = Debug|Any CPU
		{0E8B1ABE-FBA2-442D-B748-137581A81866}.Test|x86.Build.0 = Debug|Any CPU
		{0E8B1ABE-FBA2-442D-B748-137581A81866}.WebAutomation|Any CPU.ActiveCfg = Release|Any CPU
		{0E8B1ABE-FBA2-442D-B748-137581A81866}.WebAutomation|Any CPU.Build.0 = Release|Any CPU
		{0E8B1ABE-FBA2-442D-B748-137581A81866}.WebAutomation|x64.ActiveCfg = Debug|Any CPU
		{0E8B1ABE-FBA2-442D-B748-137581A81866}.WebAutomation|x64.Build.0 = Debug|Any CPU
		{0E8B1ABE-FBA2-442D-B748-137581A81866}.WebAutomation|x86.ActiveCfg = Debug|Any CPU
		{0E8B1ABE-FBA2-442D-B748-137581A81866}.WebAutomation|x86.Build.0 = Debug|Any CPU
		{7D04F5CF-5042-4268-9CD5-07985D86723B}.Automation|Any CPU.ActiveCfg = Release|Any CPU
		{7D04F5CF-5042-4268-9CD5-07985D86723B}.Automation|Any CPU.Build.0 = Release|Any CPU
		{7D04F5CF-5042-4268-9CD5-07985D86723B}.Automation|x64.ActiveCfg = Release|Any CPU
		{7D04F5CF-5042-4268-9CD5-07985D86723B}.Automation|x64.Build.0 = Release|Any CPU
		{7D04F5CF-5042-4268-9CD5-07985D86723B}.Automation|x86.ActiveCfg = Release|Any CPU
		{7D04F5CF-5042-4268-9CD5-07985D86723B}.Automation|x86.Build.0 = Release|Any CPU
		{7D04F5CF-5042-4268-9CD5-07985D86723B}.Debug|Any CPU.ActiveCfg = Debug|Any CPU
		{7D04F5CF-5042-4268-9CD5-07985D86723B}.Debug|Any CPU.Build.0 = Debug|Any CPU
		{7D04F5CF-5042-4268-9CD5-07985D86723B}.Debug|x64.ActiveCfg = Debug|Any CPU
		{7D04F5CF-5042-4268-9CD5-07985D86723B}.Debug|x64.Build.0 = Debug|Any CPU
		{7D04F5CF-5042-4268-9CD5-07985D86723B}.Debug|x86.ActiveCfg = Debug|Any CPU
		{7D04F5CF-5042-4268-9CD5-07985D86723B}.Debug|x86.Build.0 = Debug|Any CPU
		{7D04F5CF-5042-4268-9CD5-07985D86723B}.Demo|Any CPU.ActiveCfg = Debug|Any CPU
		{7D04F5CF-5042-4268-9CD5-07985D86723B}.Demo|Any CPU.Build.0 = Debug|Any CPU
		{7D04F5CF-5042-4268-9CD5-07985D86723B}.Demo|x64.ActiveCfg = Debug|Any CPU
		{7D04F5CF-5042-4268-9CD5-07985D86723B}.Demo|x64.Build.0 = Debug|Any CPU
		{7D04F5CF-5042-4268-9CD5-07985D86723B}.Demo|x86.ActiveCfg = Debug|Any CPU
		{7D04F5CF-5042-4268-9CD5-07985D86723B}.Demo|x86.Build.0 = Debug|Any CPU
		{7D04F5CF-5042-4268-9CD5-07985D86723B}.QA|Any CPU.ActiveCfg = Release|Any CPU
		{7D04F5CF-5042-4268-9CD5-07985D86723B}.QA|Any CPU.Build.0 = Release|Any CPU
		{7D04F5CF-5042-4268-9CD5-07985D86723B}.QA|x64.ActiveCfg = Release|Any CPU
		{7D04F5CF-5042-4268-9CD5-07985D86723B}.QA|x64.Build.0 = Release|Any CPU
		{7D04F5CF-5042-4268-9CD5-07985D86723B}.QA|x86.ActiveCfg = Release|Any CPU
		{7D04F5CF-5042-4268-9CD5-07985D86723B}.QA|x86.Build.0 = Release|Any CPU
		{7D04F5CF-5042-4268-9CD5-07985D86723B}.Release|Any CPU.ActiveCfg = Release|Any CPU
		{7D04F5CF-5042-4268-9CD5-07985D86723B}.Release|Any CPU.Build.0 = Release|Any CPU
		{7D04F5CF-5042-4268-9CD5-07985D86723B}.Release|x64.ActiveCfg = Release|Any CPU
		{7D04F5CF-5042-4268-9CD5-07985D86723B}.Release|x64.Build.0 = Release|Any CPU
		{7D04F5CF-5042-4268-9CD5-07985D86723B}.Release|x86.ActiveCfg = Release|Any CPU
		{7D04F5CF-5042-4268-9CD5-07985D86723B}.Release|x86.Build.0 = Release|Any CPU
		{7D04F5CF-5042-4268-9CD5-07985D86723B}.staging|Any CPU.ActiveCfg = Release|Any CPU
		{7D04F5CF-5042-4268-9CD5-07985D86723B}.staging|Any CPU.Build.0 = Release|Any CPU
		{7D04F5CF-5042-4268-9CD5-07985D86723B}.staging|x64.ActiveCfg = Release|Any CPU
		{7D04F5CF-5042-4268-9CD5-07985D86723B}.staging|x64.Build.0 = Release|Any CPU
		{7D04F5CF-5042-4268-9CD5-07985D86723B}.staging|x86.ActiveCfg = Release|Any CPU
		{7D04F5CF-5042-4268-9CD5-07985D86723B}.staging|x86.Build.0 = Release|Any CPU
		{7D04F5CF-5042-4268-9CD5-07985D86723B}.Test|Any CPU.ActiveCfg = Release|Any CPU
		{7D04F5CF-5042-4268-9CD5-07985D86723B}.Test|Any CPU.Build.0 = Release|Any CPU
		{7D04F5CF-5042-4268-9CD5-07985D86723B}.Test|x64.ActiveCfg = Release|Any CPU
		{7D04F5CF-5042-4268-9CD5-07985D86723B}.Test|x64.Build.0 = Release|Any CPU
		{7D04F5CF-5042-4268-9CD5-07985D86723B}.Test|x86.ActiveCfg = Release|Any CPU
		{7D04F5CF-5042-4268-9CD5-07985D86723B}.Test|x86.Build.0 = Release|Any CPU
		{7D04F5CF-5042-4268-9CD5-07985D86723B}.WebAutomation|Any CPU.ActiveCfg = Release|Any CPU
		{7D04F5CF-5042-4268-9CD5-07985D86723B}.WebAutomation|Any CPU.Build.0 = Release|Any CPU
		{7D04F5CF-5042-4268-9CD5-07985D86723B}.WebAutomation|x64.ActiveCfg = Release|Any CPU
		{7D04F5CF-5042-4268-9CD5-07985D86723B}.WebAutomation|x64.Build.0 = Release|Any CPU
		{7D04F5CF-5042-4268-9CD5-07985D86723B}.WebAutomation|x86.ActiveCfg = Release|Any CPU
		{7D04F5CF-5042-4268-9CD5-07985D86723B}.WebAutomation|x86.Build.0 = Release|Any CPU
		{1C0A0BB7-12A9-4B53-A423-807C098B2D24}.Automation|Any CPU.ActiveCfg = Release
		{1C0A0BB7-12A9-4B53-A423-807C098B2D24}.Automation|Any CPU.Build.0 = Release
		{1C0A0BB7-12A9-4B53-A423-807C098B2D24}.Automation|x64.ActiveCfg = Release
		{1C0A0BB7-12A9-4B53-A423-807C098B2D24}.Automation|x64.Build.0 = Release
		{1C0A0BB7-12A9-4B53-A423-807C098B2D24}.Automation|x86.ActiveCfg = Release
		{1C0A0BB7-12A9-4B53-A423-807C098B2D24}.Automation|x86.Build.0 = Release
		{1C0A0BB7-12A9-4B53-A423-807C098B2D24}.Debug|Any CPU.ActiveCfg = Debug
		{1C0A0BB7-12A9-4B53-A423-807C098B2D24}.Debug|Any CPU.Build.0 = Debug
		{1C0A0BB7-12A9-4B53-A423-807C098B2D24}.Debug|x64.ActiveCfg = Debug
		{1C0A0BB7-12A9-4B53-A423-807C098B2D24}.Debug|x64.Build.0 = Debug
		{1C0A0BB7-12A9-4B53-A423-807C098B2D24}.Debug|x86.ActiveCfg = Debug
		{1C0A0BB7-12A9-4B53-A423-807C098B2D24}.Debug|x86.Build.0 = Debug
		{1C0A0BB7-12A9-4B53-A423-807C098B2D24}.Demo|Any CPU.ActiveCfg = Debug
		{1C0A0BB7-12A9-4B53-A423-807C098B2D24}.Demo|Any CPU.Build.0 = Debug
		{1C0A0BB7-12A9-4B53-A423-807C098B2D24}.Demo|x64.ActiveCfg = Debug
		{1C0A0BB7-12A9-4B53-A423-807C098B2D24}.Demo|x64.Build.0 = Debug
		{1C0A0BB7-12A9-4B53-A423-807C098B2D24}.Demo|x86.ActiveCfg = Debug
		{1C0A0BB7-12A9-4B53-A423-807C098B2D24}.Demo|x86.Build.0 = Debug
		{1C0A0BB7-12A9-4B53-A423-807C098B2D24}.QA|Any CPU.ActiveCfg = Release
		{1C0A0BB7-12A9-4B53-A423-807C098B2D24}.QA|Any CPU.Build.0 = Release
		{1C0A0BB7-12A9-4B53-A423-807C098B2D24}.QA|x64.ActiveCfg = Release
		{1C0A0BB7-12A9-4B53-A423-807C098B2D24}.QA|x64.Build.0 = Release
		{1C0A0BB7-12A9-4B53-A423-807C098B2D24}.QA|x86.ActiveCfg = Release
		{1C0A0BB7-12A9-4B53-A423-807C098B2D24}.QA|x86.Build.0 = Release
		{1C0A0BB7-12A9-4B53-A423-807C098B2D24}.Release|Any CPU.ActiveCfg = Release
		{1C0A0BB7-12A9-4B53-A423-807C098B2D24}.Release|Any CPU.Build.0 = Release
		{1C0A0BB7-12A9-4B53-A423-807C098B2D24}.Release|x64.ActiveCfg = Release
		{1C0A0BB7-12A9-4B53-A423-807C098B2D24}.Release|x64.Build.0 = Release
		{1C0A0BB7-12A9-4B53-A423-807C098B2D24}.Release|x86.ActiveCfg = Release
		{1C0A0BB7-12A9-4B53-A423-807C098B2D24}.Release|x86.Build.0 = Release
		{1C0A0BB7-12A9-4B53-A423-807C098B2D24}.staging|Any CPU.ActiveCfg = Release
		{1C0A0BB7-12A9-4B53-A423-807C098B2D24}.staging|Any CPU.Build.0 = Release
		{1C0A0BB7-12A9-4B53-A423-807C098B2D24}.staging|x64.ActiveCfg = Release
		{1C0A0BB7-12A9-4B53-A423-807C098B2D24}.staging|x64.Build.0 = Release
		{1C0A0BB7-12A9-4B53-A423-807C098B2D24}.staging|x86.ActiveCfg = Release
		{1C0A0BB7-12A9-4B53-A423-807C098B2D24}.staging|x86.Build.0 = Release
		{1C0A0BB7-12A9-4B53-A423-807C098B2D24}.Test|Any CPU.ActiveCfg = Release
		{1C0A0BB7-12A9-4B53-A423-807C098B2D24}.Test|Any CPU.Build.0 = Release
		{1C0A0BB7-12A9-4B53-A423-807C098B2D24}.Test|x64.ActiveCfg = Release
		{1C0A0BB7-12A9-4B53-A423-807C098B2D24}.Test|x64.Build.0 = Release
		{1C0A0BB7-12A9-4B53-A423-807C098B2D24}.Test|x86.ActiveCfg = Release
		{1C0A0BB7-12A9-4B53-A423-807C098B2D24}.Test|x86.Build.0 = Release
		{1C0A0BB7-12A9-4B53-A423-807C098B2D24}.WebAutomation|Any CPU.ActiveCfg = Release
		{1C0A0BB7-12A9-4B53-A423-807C098B2D24}.WebAutomation|Any CPU.Build.0 = Release
		{1C0A0BB7-12A9-4B53-A423-807C098B2D24}.WebAutomation|x64.ActiveCfg = Release
		{1C0A0BB7-12A9-4B53-A423-807C098B2D24}.WebAutomation|x64.Build.0 = Release
		{1C0A0BB7-12A9-4B53-A423-807C098B2D24}.WebAutomation|x86.ActiveCfg = Release
		{1C0A0BB7-12A9-4B53-A423-807C098B2D24}.WebAutomation|x86.Build.0 = Release
	EndGlobalSection
	GlobalSection(SolutionProperties) = preSolution
		HideSolutionNode = FALSE
	EndGlobalSection
EndGlobal
