
Microsoft Visual Studio Solution File, Format Version 12.00
# Visual Studio 14
VisualStudioVersion = 14.0.25420.1
MinimumVisualStudioVersion = 10.0.40219.1
Project("{FAE04EC0-301F-11D3-BF4B-00C04F79EFBC}") = "IACBI.API", "IACBI.API\IACBI.API.csproj", "{98A0797F-E526-4B40-8694-AE78DA5DF31E}"
	ProjectSection(ProjectDependencies) = postProject
		{7FB5C690-FCAB-49A7-9EF9-0AE42E282954} = {7FB5C690-FCAB-49A7-9EF9-0AE42E282954}
		{BC8E56B9-65A1-4852-AB3B-B298771C7EB5} = {BC8E56B9-65A1-4852-AB3B-B298771C7EB5}
		{DEA444E3-7C0B-4AAE-9A65-4098ECC4380C} = {DEA444E3-7C0B-4AAE-9A65-4098ECC4380C}
		{1D692EF4-FF78-4ACF-8A04-AA79287B5195} = {1D692EF4-FF78-4ACF-8A04-AA79287B5195}
	EndProjectSection
EndProject
Project("{2150E333-8FDC-42A3-9474-1A3956D46DE8}") = "Library", "Library", "{75DC3B85-1592-4AB9-B3AC-E9E209630710}"
EndProject
Project("{FAE04EC0-301F-11D3-BF4B-00C04F79EFBC}") = "IACBI.Common", "..\Library\IACBI.Common\IACBI.Common.csproj", "{BC8E56B9-65A1-4852-AB3B-B298771C7EB5}"
	ProjectSection(ProjectDependencies) = postProject
		{1D692EF4-FF78-4ACF-8A04-AA79287B5195} = {1D692EF4-FF78-4ACF-8A04-AA79287B5195}
	EndProjectSection
EndProject
Project("{FAE04EC0-301F-11D3-BF4B-00C04F79EFBC}") = "IACBI.Entities", "..\Library\IACBI.Entities\IACBI.Entities.csproj", "{DEA444E3-7C0B-4AAE-9A65-4098ECC4380C}"
	ProjectSection(ProjectDependencies) = postProject
		{BC8E56B9-65A1-4852-AB3B-B298771C7EB5} = {BC8E56B9-65A1-4852-AB3B-B298771C7EB5}
	EndProjectSection
EndProject
Project("{FAE04EC0-301F-11D3-BF4B-00C04F79EFBC}") = "IACBI.Services", "..\Library\IACBI.Services\IACBI.Services.csproj", "{7FB5C690-FCAB-49A7-9EF9-0AE42E282954}"
	ProjectSection(ProjectDependencies) = postProject
		{BC8E56B9-65A1-4852-AB3B-B298771C7EB5} = {BC8E56B9-65A1-4852-AB3B-B298771C7EB5}
		{DEA444E3-7C0B-4AAE-9A65-4098ECC4380C} = {DEA444E3-7C0B-4AAE-9A65-4098ECC4380C}
	EndProjectSection
EndProject
Project("{2150E333-8FDC-42A3-9474-1A3956D46DE8}") = ".nuget", ".nuget", "{B84E4AAB-3A3B-4162-B97F-ED07BCADF7A8}"
	ProjectSection(SolutionItems) = preProject
		.nuget\NuGet.Config = .nuget\NuGet.Config
		.nuget\NuGet.exe = .nuget\NuGet.exe
		.nuget\NuGet.targets = .nuget\NuGet.targets
	EndProjectSection
EndProject
Project("{FAE04EC0-301F-11D3-BF4B-00C04F79EFBC}") = "IACBI.Authentication", "..\Library\IACBI.Authentication\IACBI.Authentication.csproj", "{1D692EF4-FF78-4ACF-8A04-AA79287B5195}"
EndProject
Project("{FAE04EC0-301F-11D3-BF4B-00C04F79EFBC}") = "IACBI.Data", "..\Library\IACBI.Data\IACBI.Data.csproj", "{73FB0298-D435-4960-A05B-458982071FF8}"
EndProject
Global
	GlobalSection(SolutionConfigurationPlatforms) = preSolution
		Automation|Any CPU = Automation|Any CPU
		Debug|Any CPU = Debug|Any CPU
		Demo|Any CPU = Demo|Any CPU
		QA|Any CPU = QA|Any CPU
		Release|Any CPU = Release|Any CPU
		staging|Any CPU = staging|Any CPU
		Test|Any CPU = Test|Any CPU
		WebAutomation|Any CPU = WebAutomation|Any CPU
	EndGlobalSection
	GlobalSection(ProjectConfigurationPlatforms) = postSolution
		{98A0797F-E526-4B40-8694-AE78DA5DF31E}.Automation|Any CPU.ActiveCfg = Release|Any CPU
		{98A0797F-E526-4B40-8694-AE78DA5DF31E}.Automation|Any CPU.Build.0 = Release|Any CPU
		{98A0797F-E526-4B40-8694-AE78DA5DF31E}.Debug|Any CPU.ActiveCfg = Debug|Any CPU
		{98A0797F-E526-4B40-8694-AE78DA5DF31E}.Debug|Any CPU.Build.0 = Debug|Any CPU
		{98A0797F-E526-4B40-8694-AE78DA5DF31E}.Demo|Any CPU.ActiveCfg = Debug|Any CPU
		{98A0797F-E526-4B40-8694-AE78DA5DF31E}.Demo|Any CPU.Build.0 = Debug|Any CPU
		{98A0797F-E526-4B40-8694-AE78DA5DF31E}.QA|Any CPU.ActiveCfg = Release|Any CPU
		{98A0797F-E526-4B40-8694-AE78DA5DF31E}.QA|Any CPU.Build.0 = Release|Any CPU
		{98A0797F-E526-4B40-8694-AE78DA5DF31E}.Release|Any CPU.ActiveCfg = Release|Any CPU
		{98A0797F-E526-4B40-8694-AE78DA5DF31E}.Release|Any CPU.Build.0 = Release|Any CPU
		{98A0797F-E526-4B40-8694-AE78DA5DF31E}.staging|Any CPU.ActiveCfg = Release|Any CPU
		{98A0797F-E526-4B40-8694-AE78DA5DF31E}.staging|Any CPU.Build.0 = Release|Any CPU
		{98A0797F-E526-4B40-8694-AE78DA5DF31E}.Test|Any CPU.ActiveCfg = Release|Any CPU
		{98A0797F-E526-4B40-8694-AE78DA5DF31E}.Test|Any CPU.Build.0 = Release|Any CPU
		{98A0797F-E526-4B40-8694-AE78DA5DF31E}.WebAutomation|Any CPU.ActiveCfg = Release|Any CPU
		{98A0797F-E526-4B40-8694-AE78DA5DF31E}.WebAutomation|Any CPU.Build.0 = Release|Any CPU
		{BC8E56B9-65A1-4852-AB3B-B298771C7EB5}.Automation|Any CPU.ActiveCfg = Release|Any CPU
		{BC8E56B9-65A1-4852-AB3B-B298771C7EB5}.Automation|Any CPU.Build.0 = Release|Any CPU
		{BC8E56B9-65A1-4852-AB3B-B298771C7EB5}.Debug|Any CPU.ActiveCfg = Debug|Any CPU
		{BC8E56B9-65A1-4852-AB3B-B298771C7EB5}.Debug|Any CPU.Build.0 = Debug|Any CPU
		{BC8E56B9-65A1-4852-AB3B-B298771C7EB5}.Demo|Any CPU.ActiveCfg = Debug|Any CPU
		{BC8E56B9-65A1-4852-AB3B-B298771C7EB5}.Demo|Any CPU.Build.0 = Debug|Any CPU
		{BC8E56B9-65A1-4852-AB3B-B298771C7EB5}.QA|Any CPU.ActiveCfg = Release|Any CPU
		{BC8E56B9-65A1-4852-AB3B-B298771C7EB5}.QA|Any CPU.Build.0 = Release|Any CPU
		{BC8E56B9-65A1-4852-AB3B-B298771C7EB5}.Release|Any CPU.ActiveCfg = Release|Any CPU
		{BC8E56B9-65A1-4852-AB3B-B298771C7EB5}.Release|Any CPU.Build.0 = Release|Any CPU
		{BC8E56B9-65A1-4852-AB3B-B298771C7EB5}.staging|Any CPU.ActiveCfg = Release|Any CPU
		{BC8E56B9-65A1-4852-AB3B-B298771C7EB5}.staging|Any CPU.Build.0 = Release|Any CPU
		{BC8E56B9-65A1-4852-AB3B-B298771C7EB5}.Test|Any CPU.ActiveCfg = Release|Any CPU
		{BC8E56B9-65A1-4852-AB3B-B298771C7EB5}.Test|Any CPU.Build.0 = Release|Any CPU
		{BC8E56B9-65A1-4852-AB3B-B298771C7EB5}.WebAutomation|Any CPU.ActiveCfg = Release|Any CPU
		{BC8E56B9-65A1-4852-AB3B-B298771C7EB5}.WebAutomation|Any CPU.Build.0 = Release|Any CPU
		{DEA444E3-7C0B-4AAE-9A65-4098ECC4380C}.Automation|Any CPU.ActiveCfg = Release|Any CPU
		{DEA444E3-7C0B-4AAE-9A65-4098ECC4380C}.Automation|Any CPU.Build.0 = Release|Any CPU
		{DEA444E3-7C0B-4AAE-9A65-4098ECC4380C}.Debug|Any CPU.ActiveCfg = Debug|Any CPU
		{DEA444E3-7C0B-4AAE-9A65-4098ECC4380C}.Debug|Any CPU.Build.0 = Debug|Any CPU
		{DEA444E3-7C0B-4AAE-9A65-4098ECC4380C}.Demo|Any CPU.ActiveCfg = Debug|Any CPU
		{DEA444E3-7C0B-4AAE-9A65-4098ECC4380C}.Demo|Any CPU.Build.0 = Debug|Any CPU
		{DEA444E3-7C0B-4AAE-9A65-4098ECC4380C}.QA|Any CPU.ActiveCfg = Release|Any CPU
		{DEA444E3-7C0B-4AAE-9A65-4098ECC4380C}.QA|Any CPU.Build.0 = Release|Any CPU
		{DEA444E3-7C0B-4AAE-9A65-4098ECC4380C}.Release|Any CPU.ActiveCfg = Release|Any CPU
		{DEA444E3-7C0B-4AAE-9A65-4098ECC4380C}.Release|Any CPU.Build.0 = Release|Any CPU
		{DEA444E3-7C0B-4AAE-9A65-4098ECC4380C}.staging|Any CPU.ActiveCfg = Release|Any CPU
		{DEA444E3-7C0B-4AAE-9A65-4098ECC4380C}.staging|Any CPU.Build.0 = Release|Any CPU
		{DEA444E3-7C0B-4AAE-9A65-4098ECC4380C}.Test|Any CPU.ActiveCfg = Release|Any CPU
		{DEA444E3-7C0B-4AAE-9A65-4098ECC4380C}.Test|Any CPU.Build.0 = Release|Any CPU
		{DEA444E3-7C0B-4AAE-9A65-4098ECC4380C}.WebAutomation|Any CPU.ActiveCfg = Release|Any CPU
		{DEA444E3-7C0B-4AAE-9A65-4098ECC4380C}.WebAutomation|Any CPU.Build.0 = Release|Any CPU
		{7FB5C690-FCAB-49A7-9EF9-0AE42E282954}.Automation|Any CPU.ActiveCfg = Release|Any CPU
		{7FB5C690-FCAB-49A7-9EF9-0AE42E282954}.Automation|Any CPU.Build.0 = Release|Any CPU
		{7FB5C690-FCAB-49A7-9EF9-0AE42E282954}.Debug|Any CPU.ActiveCfg = Debug|Any CPU
		{7FB5C690-FCAB-49A7-9EF9-0AE42E282954}.Debug|Any CPU.Build.0 = Debug|Any CPU
		{7FB5C690-FCAB-49A7-9EF9-0AE42E282954}.Demo|Any CPU.ActiveCfg = Debug|Any CPU
		{7FB5C690-FCAB-49A7-9EF9-0AE42E282954}.Demo|Any CPU.Build.0 = Debug|Any CPU
		{7FB5C690-FCAB-49A7-9EF9-0AE42E282954}.QA|Any CPU.ActiveCfg = Release|Any CPU
		{7FB5C690-FCAB-49A7-9EF9-0AE42E282954}.QA|Any CPU.Build.0 = Release|Any CPU
		{7FB5C690-FCAB-49A7-9EF9-0AE42E282954}.Release|Any CPU.ActiveCfg = Release|Any CPU
		{7FB5C690-FCAB-49A7-9EF9-0AE42E282954}.Release|Any CPU.Build.0 = Release|Any CPU
		{7FB5C690-FCAB-49A7-9EF9-0AE42E282954}.staging|Any CPU.ActiveCfg = Release|Any CPU
		{7FB5C690-FCAB-49A7-9EF9-0AE42E282954}.staging|Any CPU.Build.0 = Release|Any CPU
		{7FB5C690-FCAB-49A7-9EF9-0AE42E282954}.Test|Any CPU.ActiveCfg = Release|Any CPU
		{7FB5C690-FCAB-49A7-9EF9-0AE42E282954}.Test|Any CPU.Build.0 = Release|Any CPU
		{7FB5C690-FCAB-49A7-9EF9-0AE42E282954}.WebAutomation|Any CPU.ActiveCfg = Release|Any CPU
		{7FB5C690-FCAB-49A7-9EF9-0AE42E282954}.WebAutomation|Any CPU.Build.0 = Release|Any CPU
		{1D692EF4-FF78-4ACF-8A04-AA79287B5195}.Automation|Any CPU.ActiveCfg = Release|Any CPU
		{1D692EF4-FF78-4ACF-8A04-AA79287B5195}.Automation|Any CPU.Build.0 = Release|Any CPU
		{1D692EF4-FF78-4ACF-8A04-AA79287B5195}.Debug|Any CPU.ActiveCfg = Debug|Any CPU
		{1D692EF4-FF78-4ACF-8A04-AA79287B5195}.Debug|Any CPU.Build.0 = Debug|Any CPU
		{1D692EF4-FF78-4ACF-8A04-AA79287B5195}.Demo|Any CPU.ActiveCfg = Debug|Any CPU
		{1D692EF4-FF78-4ACF-8A04-AA79287B5195}.Demo|Any CPU.Build.0 = Debug|Any CPU
		{1D692EF4-FF78-4ACF-8A04-AA79287B5195}.QA|Any CPU.ActiveCfg = Release|Any CPU
		{1D692EF4-FF78-4ACF-8A04-AA79287B5195}.QA|Any CPU.Build.0 = Release|Any CPU
		{1D692EF4-FF78-4ACF-8A04-AA79287B5195}.Release|Any CPU.ActiveCfg = Release|Any CPU
		{1D692EF4-FF78-4ACF-8A04-AA79287B5195}.Release|Any CPU.Build.0 = Release|Any CPU
		{1D692EF4-FF78-4ACF-8A04-AA79287B5195}.staging|Any CPU.ActiveCfg = Release|Any CPU
		{1D692EF4-FF78-4ACF-8A04-AA79287B5195}.staging|Any CPU.Build.0 = Release|Any CPU
		{1D692EF4-FF78-4ACF-8A04-AA79287B5195}.Test|Any CPU.ActiveCfg = Release|Any CPU
		{1D692EF4-FF78-4ACF-8A04-AA79287B5195}.Test|Any CPU.Build.0 = Release|Any CPU
		{1D692EF4-FF78-4ACF-8A04-AA79287B5195}.WebAutomation|Any CPU.ActiveCfg = Release|Any CPU
		{1D692EF4-FF78-4ACF-8A04-AA79287B5195}.WebAutomation|Any CPU.Build.0 = Release|Any CPU
		{73FB0298-D435-4960-A05B-458982071FF8}.Automation|Any CPU.ActiveCfg = Automation|Any CPU
		{73FB0298-D435-4960-A05B-458982071FF8}.Automation|Any CPU.Build.0 = Automation|Any CPU
		{73FB0298-D435-4960-A05B-458982071FF8}.Debug|Any CPU.ActiveCfg = Debug|Any CPU
		{73FB0298-D435-4960-A05B-458982071FF8}.Debug|Any CPU.Build.0 = Debug|Any CPU
		{73FB0298-D435-4960-A05B-458982071FF8}.Demo|Any CPU.ActiveCfg = Demo|Any CPU
		{73FB0298-D435-4960-A05B-458982071FF8}.Demo|Any CPU.Build.0 = Demo|Any CPU
		{73FB0298-D435-4960-A05B-458982071FF8}.QA|Any CPU.ActiveCfg = QA|Any CPU
		{73FB0298-D435-4960-A05B-458982071FF8}.QA|Any CPU.Build.0 = QA|Any CPU
		{73FB0298-D435-4960-A05B-458982071FF8}.Release|Any CPU.ActiveCfg = Release|Any CPU
		{73FB0298-D435-4960-A05B-458982071FF8}.Release|Any CPU.Build.0 = Release|Any CPU
		{73FB0298-D435-4960-A05B-458982071FF8}.staging|Any CPU.ActiveCfg = staging|Any CPU
		{73FB0298-D435-4960-A05B-458982071FF8}.staging|Any CPU.Build.0 = staging|Any CPU
		{73FB0298-D435-4960-A05B-458982071FF8}.Test|Any CPU.ActiveCfg = Test|Any CPU
		{73FB0298-D435-4960-A05B-458982071FF8}.Test|Any CPU.Build.0 = Test|Any CPU
		{73FB0298-D435-4960-A05B-458982071FF8}.WebAutomation|Any CPU.ActiveCfg = WebAutomation|Any CPU
		{73FB0298-D435-4960-A05B-458982071FF8}.WebAutomation|Any CPU.Build.0 = WebAutomation|Any CPU
	EndGlobalSection
	GlobalSection(SolutionProperties) = preSolution
		HideSolutionNode = FALSE
	EndGlobalSection
	GlobalSection(NestedProjects) = preSolution
		{BC8E56B9-65A1-4852-AB3B-B298771C7EB5} = {75DC3B85-1592-4AB9-B3AC-E9E209630710}
		{DEA444E3-7C0B-4AAE-9A65-4098ECC4380C} = {75DC3B85-1592-4AB9-B3AC-E9E209630710}
		{7FB5C690-FCAB-49A7-9EF9-0AE42E282954} = {75DC3B85-1592-4AB9-B3AC-E9E209630710}
		{1D692EF4-FF78-4ACF-8A04-AA79287B5195} = {75DC3B85-1592-4AB9-B3AC-E9E209630710}
		{73FB0298-D435-4960-A05B-458982071FF8} = {75DC3B85-1592-4AB9-B3AC-E9E209630710}
	EndGlobalSection
	GlobalSection(ExtensibilityGlobals) = postSolution
		SolutionGuid = {45717EF8-34BF-4454-A9E5-3D870DFAC515}
	EndGlobalSection
EndGlobal
